<Solution>
  <Project Path="punto 1/punto 1.csproj" Id="83b40a43-07eb-48ce-8a62-9c5dfa403de4" />
  <Project Path="punto 2/punto 2.csproj" Id="ac2b013e-9a04-4127-96a2-aee968fd887e" />
  <Project Path="punto 3/punto 3.csproj" Id="8be87171-e8f4-4e9c-945e-f3515b14dbb9" />
  <Project Path="punto 4/punto 4.csproj" Id="481d21d6-5ec8-4446-a001-5c0907deb2bd" />
  <Project Path="punto 5/punto 5.csproj" Id="363e1f71-64d4-4d21-ab43-bde90439057e" />
</Solution>
