<Solution>
  <Project Path="punto 1/punto 1.csproj" Id="b64aaebc-8d8c-43e9-991d-0d8f78c7dd08" />
  <Project Path="punto 3/punto 3.csproj" Id="17048906-4a9c-43d1-a846-8cc4069a395b" />
  <Project Path="punto 4/punto 4.csproj" Id="fd6e4a5b-3ac2-4399-a7ae-9ead4f2c6b19" />
  <Project Path="punto 5/punto 5.csproj" Id="217e56f1-c89e-4a64-9cc7-bf761ffa518f" />
  <Project Path="punto2/punto2.csproj" Id="27c376d1-a701-420e-b7e2-063b2095d34e" />
</Solution>
