<Solution>
  <Project Path="punto 1/punto 1.csproj" Id="c888272d-5f57-4321-90a2-44d5a8e6b0a3" />
  <Project Path="punto 2/punto 2.csproj" Id="c185fcbc-2450-4caf-bc77-6c93fad74d6f" />
  <Project Path="punto 3/punto 3.csproj" Id="25afe184-9f8b-4602-8522-501205f0b5ff" />
  <Project Path="punto 4/punto 4.csproj" Id="dadf1fa6-a8ef-4e4d-889c-7b9b4852ad95" />
</Solution>
