<Solution>
  <Project Path="punto 1/punto 1.csproj" Id="492588e8-2d62-42eb-9cc4-400eac211730" />
  <Project Path="Punto 2/Punto 2.csproj" Id="5d8eaa72-1033-4c39-9309-7ae3858545bc" />
  <Project Path="punto 3/punto 3.csproj" Id="6028dcfb-ca6d-4ab1-ad03-26cba26ddea3" />
  <Project Path="punto 4/punto 4.csproj" Id="8167482f-ec43-47c9-ac85-6a9e725e63d6" />
  <Project Path="punto 6/punto 6.csproj" Id="e4b21240-654a-46ec-b7bf-893c59a80509" />
  <Project Path="punto5/punto5.csproj" Id="f1310dc6-5a33-432a-ad0f-669ff813aa99" />
</Solution>
